
Microsoft Visual Studio Solution File, Format Version 12.00
# Visual Studio 15
VisualStudioVersion = 15.0.27130.2020
MinimumVisualStudioVersion = 10.0.40219.1
Project("{FAE04EC0-301F-11D3-BF4B-00C04F79EFBC}") = "Shuttle.Esb.Module.CorruptTransportMessage", "Shuttle.Esb.Module.CorruptTransportMessage\Shuttle.Esb.Module.CorruptTransportMessage.csproj", "{73D1D124-977A-477F-8AE0-D1B024201537}"
EndProject
Project("{FAE04EC0-301F-11D3-BF4B-00C04F79EFBC}") = "Shuttle.Esb.Module.CorruptTransportMessage.Tests", "Shuttle.Esb.Module.CorruptTransportMessage.Tests\Shuttle.Esb.Module.CorruptTransportMessage.Tests.csproj", "{C8BE7941-FF8E-4522-8BEB-368062524714}"
EndProject
Global
	GlobalSection(SolutionConfigurationPlatforms) = preSolution
		Debug|Any CPU = Debug|Any CPU
		Release|Any CPU = Release|Any CPU
	EndGlobalSection
	GlobalSection(ProjectConfigurationPlatforms) = postSolution
		{73D1D124-977A-477F-8AE0-D1B024201537}.Debug|Any CPU.ActiveCfg = Debug|Any CPU
		{73D1D124-977A-477F-8AE0-D1B024201537}.Debug|Any CPU.Build.0 = Debug|Any CPU
		{73D1D124-977A-477F-8AE0-D1B024201537}.Release|Any CPU.ActiveCfg = Release|Any CPU
		{73D1D124-977A-477F-8AE0-D1B024201537}.Release|Any CPU.Build.0 = Release|Any CPU
		{C8BE7941-FF8E-4522-8BEB-368062524714}.Debug|Any CPU.ActiveCfg = Debug|Any CPU
		{C8BE7941-FF8E-4522-8BEB-368062524714}.Debug|Any CPU.Build.0 = Debug|Any CPU
		{C8BE7941-FF8E-4522-8BEB-368062524714}.Release|Any CPU.ActiveCfg = Release|Any CPU
		{C8BE7941-FF8E-4522-8BEB-368062524714}.Release|Any CPU.Build.0 = Release|Any CPU
	EndGlobalSection
	GlobalSection(SolutionProperties) = preSolution
		HideSolutionNode = FALSE
	EndGlobalSection
	GlobalSection(ExtensibilityGlobals) = postSolution
		SolutionGuid = {BB093D91-EFA4-4235-AFDC-A2FB67372DAE}
	EndGlobalSection
EndGlobal
